// !$*UTF8*$!
{
	archiveVersion = 1;
	classes = {
	};
	objectVersion = 56;
	objects = {

/* Begin PBXBuildFile section */
		0452B65A2E1EE6CD0033E468 /* Animations.swift in Sources */ = {isa = PBXBuildFile; fileRef = 0452B6592E1EE6CC0033E468 /* Animations.swift */; };
		04F913AD2E1E3E74006C301D /* SportTimeApp.swift in Sources */ = {isa = PBXBuildFile; fileRef = 04F913AC2E1E3E74006C301D /* SportTimeApp.swift */; };
		04F913AF2E1E3E74006C301D /* Persistence.swift in Sources */ = {isa = PBXBuildFile; fileRef = 04F913AE2E1E3E74006C301D /* Persistence.swift */; };
		04F913B22E1E3E74006C301D /* SportTime.xcdatamodeld in Sources */ = {isa = PBXBuildFile; fileRef = 04F913B02E1E3E74006C301D /* SportTime.xcdatamodeld */; };
		04F913B62E1E3E77006C301D /* Assets.xcassets in Resources */ = {isa = PBXBuildFile; fileRef = 04F913B52E1E3E77006C301D /* Assets.xcassets */; };
		04F913BA2E1E3E77006C301D /* Preview Assets.xcassets in Resources */ = {isa = PBXBuildFile; fileRef = 04F913B92E1E3E77006C301D /* Preview Assets.xcassets */; };
		04F913CC2E1E3FF8006C301D /* TimerView.swift in Sources */ = {isa = PBXBuildFile; fileRef = 04F913C12E1E3FF8006C301D /* TimerView.swift */; };
		04F913CD2E1E3FF8006C301D /* HistoryView.swift in Sources */ = {isa = PBXBuildFile; fileRef = 04F913C22E1E3FF8006C301D /* HistoryView.swift */; };
		04F913CE2E1E3FF8006C301D /* TimerViewModel.swift in Sources */ = {isa = PBXBuildFile; fileRef = 04F913C32E1E3FF8006C301D /* TimerViewModel.swift */; };
		04F913CF2E1E3FF8006C301D /* Assets.xcassets in Resources */ = {isa = PBXBuildFile; fileRef = 04F913C42E1E3FF8006C301D /* Assets.xcassets */; };
		04F913D02E1E3FF8006C301D /* Models.swift in Sources */ = {isa = PBXBuildFile; fileRef = 04F913C52E1E3FF8006C301D /* Models.swift */; };
		04F913D12E1E3FF8006C301D /* SportTime.xcdatamodeld in Sources */ = {isa = PBXBuildFile; fileRef = 04F913C62E1E3FF8006C301D /* SportTime.xcdatamodeld */; };
		04F913D22E1E3FF8006C301D /* WorkoutViewModel.swift in Sources */ = {isa = PBXBuildFile; fileRef = 04F913C82E1E3FF8006C301D /* WorkoutViewModel.swift */; };
		04F913D32E1E3FF8006C301D /* ProfileView.swift in Sources */ = {isa = PBXBuildFile; fileRef = 04F913C92E1E3FF8006C301D /* ProfileView.swift */; };
		04F913D42E1E3FF8006C301D /* HomeView.swift in Sources */ = {isa = PBXBuildFile; fileRef = 04F913CA2E1E3FF8006C301D /* HomeView.swift */; };
		04F913D52E1E3FF8006C301D /* MainTabView.swift in Sources */ = {isa = PBXBuildFile; fileRef = 04F913CB2E1E3FF8006C301D /* MainTabView.swift */; };
		04F913D82E1E6A93006C301D /* ImagePicker.swift in Sources */ = {isa = PBXBuildFile; fileRef = 04F913D62E1E6A93006C301D /* ImagePicker.swift */; };
		04F913D92E1E6A93006C301D /* UserProfile.swift in Sources */ = {isa = PBXBuildFile; fileRef = 04F913D72E1E6A93006C301D /* UserProfile.swift */; };
/* End PBXBuildFile section */

/* Begin PBXFileReference section */
		0452B6592E1EE6CC0033E468 /* Animations.swift */ = {isa = PBXFileReference; fileEncoding = 4; lastKnownFileType = sourcecode.swift; path = Animations.swift; sourceTree = "<group>"; };
		04F913A92E1E3E74006C301D /* SportTime.app */ = {isa = PBXFileReference; explicitFileType = wrapper.application; includeInIndex = 0; path = SportTime.app; sourceTree = BUILT_PRODUCTS_DIR; };
		04F913AC2E1E3E74006C301D /* SportTimeApp.swift */ = {isa = PBXFileReference; lastKnownFileType = sourcecode.swift; path = SportTimeApp.swift; sourceTree = "<group>"; };
		04F913AE2E1E3E74006C301D /* Persistence.swift */ = {isa = PBXFileReference; lastKnownFileType = sourcecode.swift; path = Persistence.swift; sourceTree = "<group>"; };
		04F913B12E1E3E74006C301D /* SportTime.xcdatamodel */ = {isa = PBXFileReference; lastKnownFileType = wrapper.xcdatamodel; path = SportTime.xcdatamodel; sourceTree = "<group>"; };
		04F913B52E1E3E77006C301D /* Assets.xcassets */ = {isa = PBXFileReference; lastKnownFileType = folder.assetcatalog; path = Assets.xcassets; sourceTree = "<group>"; };
		04F913B72E1E3E77006C301D /* SportTime.entitlements */ = {isa = PBXFileReference; lastKnownFileType = text.plist.entitlements; path = SportTime.entitlements; sourceTree = "<group>"; };
		04F913B92E1E3E77006C301D /* Preview Assets.xcassets */ = {isa = PBXFileReference; lastKnownFileType = folder.assetcatalog; path = "Preview Assets.xcassets"; sourceTree = "<group>"; };
		04F913BB2E1E3E77006C301D /* Info.plist */ = {isa = PBXFileReference; lastKnownFileType = text.plist.xml; path = Info.plist; sourceTree = "<group>"; };
		04F913C12E1E3FF8006C301D /* TimerView.swift */ = {isa = PBXFileReference; fileEncoding = 4; lastKnownFileType = sourcecode.swift; path = TimerView.swift; sourceTree = "<group>"; };
		04F913C22E1E3FF8006C301D /* HistoryView.swift */ = {isa = PBXFileReference; fileEncoding = 4; lastKnownFileType = sourcecode.swift; path = HistoryView.swift; sourceTree = "<group>"; };
		04F913C32E1E3FF8006C301D /* TimerViewModel.swift */ = {isa = PBXFileReference; fileEncoding = 4; lastKnownFileType = sourcecode.swift; path = TimerViewModel.swift; sourceTree = "<group>"; };
		04F913C42E1E3FF8006C301D /* Assets.xcassets */ = {isa = PBXFileReference; lastKnownFileType = folder.assetcatalog; path = Assets.xcassets; sourceTree = "<group>"; };
		04F913C52E1E3FF8006C301D /* Models.swift */ = {isa = PBXFileReference; fileEncoding = 4; lastKnownFileType = sourcecode.swift; path = Models.swift; sourceTree = "<group>"; };
		04F913C72E1E3FF8006C301D /* SportTime.xcdatamodel */ = {isa = PBXFileReference; lastKnownFileType = wrapper.xcdatamodel; path = SportTime.xcdatamodel; sourceTree = "<group>"; };
		04F913C82E1E3FF8006C301D /* WorkoutViewModel.swift */ = {isa = PBXFileReference; fileEncoding = 4; lastKnownFileType = sourcecode.swift; path = WorkoutViewModel.swift; sourceTree = "<group>"; };
		04F913C92E1E3FF8006C301D /* ProfileView.swift */ = {isa = PBXFileReference; fileEncoding = 4; lastKnownFileType = sourcecode.swift; path = ProfileView.swift; sourceTree = "<group>"; };
		04F913CA2E1E3FF8006C301D /* HomeView.swift */ = {isa = PBXFileReference; fileEncoding = 4; lastKnownFileType = sourcecode.swift; path = HomeView.swift; sourceTree = "<group>"; };
		04F913CB2E1E3FF8006C301D /* MainTabView.swift */ = {isa = PBXFileReference; fileEncoding = 4; lastKnownFileType = sourcecode.swift; path = MainTabView.swift; sourceTree = "<group>"; };
		04F913D62E1E6A93006C301D /* ImagePicker.swift */ = {isa = PBXFileReference; fileEncoding = 4; lastKnownFileType = sourcecode.swift; path = ImagePicker.swift; sourceTree = "<group>"; };
		04F913D72E1E6A93006C301D /* UserProfile.swift */ = {isa = PBXFileReference; fileEncoding = 4; lastKnownFileType = sourcecode.swift; path = UserProfile.swift; sourceTree = "<group>"; };
/* End PBXFileReference section */

/* Begin PBXFrameworksBuildPhase section */
		04F913A62E1E3E74006C301D /* Frameworks */ = {
			isa = PBXFrameworksBuildPhase;
			buildActionMask = 2147483647;
			files = (
			);
			runOnlyForDeploymentPostprocessing = 0;
		};
/* End PBXFrameworksBuildPhase section */

/* Begin PBXGroup section */
		04F913A02E1E3E74006C301D = {
			isa = PBXGroup;
			children = (
				04F913AB2E1E3E74006C301D /* SportTime */,
				04F913AA2E1E3E74006C301D /* Products */,
			);
			sourceTree = "<group>";
		};
		04F913AA2E1E3E74006C301D /* Products */ = {
			isa = PBXGroup;
			children = (
				04F913A92E1E3E74006C301D /* SportTime.app */,
			);
			name = Products;
			sourceTree = "<group>";
		};
		04F913AB2E1E3E74006C301D /* SportTime */ = {
			isa = PBXGroup;
			children = (
				0452B6592E1EE6CC0033E468 /* Animations.swift */,
				04F913D62E1E6A93006C301D /* ImagePicker.swift */,
				04F913D72E1E6A93006C301D /* UserProfile.swift */,
				04F913C42E1E3FF8006C301D /* Assets.xcassets */,
				04F913C22E1E3FF8006C301D /* HistoryView.swift */,
				04F913CA2E1E3FF8006C301D /* HomeView.swift */,
				04F913CB2E1E3FF8006C301D /* MainTabView.swift */,
				04F913C52E1E3FF8006C301D /* Models.swift */,
				04F913C92E1E3FF8006C301D /* ProfileView.swift */,
				04F913C62E1E3FF8006C301D /* SportTime.xcdatamodeld */,
				04F913C12E1E3FF8006C301D /* TimerView.swift */,
				04F913C32E1E3FF8006C301D /* TimerViewModel.swift */,
				04F913C82E1E3FF8006C301D /* WorkoutViewModel.swift */,
				04F913AC2E1E3E74006C301D /* SportTimeApp.swift */,
				04F913AE2E1E3E74006C301D /* Persistence.swift */,
				04F913B52E1E3E77006C301D /* Assets.xcassets */,
				04F913B72E1E3E77006C301D /* SportTime.entitlements */,
				04F913BB2E1E3E77006C301D /* Info.plist */,
				04F913B02E1E3E74006C301D /* SportTime.xcdatamodeld */,
				04F913B82E1E3E77006C301D /* Preview Content */,
			);
			path = SportTime;
			sourceTree = "<group>";
		};
		04F913B82E1E3E77006C301D /* Preview Content */ = {
			isa = PBXGroup;
			children = (
				04F913B92E1E3E77006C301D /* Preview Assets.xcassets */,
			);
			path = "Preview Content";
			sourceTree = "<group>";
		};
/* End PBXGroup section */

/* Begin PBXNativeTarget section */
		04F913A82E1E3E74006C301D /* SportTime */ = {
			isa = PBXNativeTarget;
			buildConfigurationList = 04F913BE2E1E3E77006C301D /* Build configuration list for PBXNativeTarget "SportTime" */;
			buildPhases = (
				04F913A52E1E3E74006C301D /* Sources */,
				04F913A62E1E3E74006C301D /* Frameworks */,
				04F913A72E1E3E74006C301D /* Resources */,
			);
			buildRules = (
			);
			dependencies = (
			);
			name = SportTime;
			productName = SportTime;
			productReference = 04F913A92E1E3E74006C301D /* SportTime.app */;
			productType = "com.apple.product-type.application";
		};
/* End PBXNativeTarget section */

/* Begin PBXProject section */
		04F913A12E1E3E74006C301D /* Project object */ = {
			isa = PBXProject;
			attributes = {
				BuildIndependentTargetsInParallel = 1;
				LastSwiftUpdateCheck = 1500;
				LastUpgradeCheck = 1500;
				TargetAttributes = {
					04F913A82E1E3E74006C301D = {
						CreatedOnToolsVersion = 15.0;
					};
				};
			};
			buildConfigurationList = 04F913A42E1E3E74006C301D /* Build configuration list for PBXProject "SportTime" */;
			compatibilityVersion = "Xcode 14.0";
			developmentRegion = en;
			hasScannedForEncodings = 0;
			knownRegions = (
				en,
				Base,
			);
			mainGroup = 04F913A02E1E3E74006C301D;
			productRefGroup = 04F913AA2E1E3E74006C301D /* Products */;
			projectDirPath = "";
			projectRoot = "";
			targets = (
				04F913A82E1E3E74006C301D /* SportTime */,
			);
		};
/* End PBXProject section */

/* Begin PBXResourcesBuildPhase section */
		04F913A72E1E3E74006C301D /* Resources */ = {
			isa = PBXResourcesBuildPhase;
			buildActionMask = 2147483647;
			files = (
				04F913BA2E1E3E77006C301D /* Preview Assets.xcassets in Resources */,
				04F913CF2E1E3FF8006C301D /* Assets.xcassets in Resources */,
				04F913B62E1E3E77006C301D /* Assets.xcassets in Resources */,
			);
			runOnlyForDeploymentPostprocessing = 0;
		};
/* End PBXResourcesBuildPhase section */

/* Begin PBXSourcesBuildPhase section */
		04F913A52E1E3E74006C301D /* Sources */ = {
			isa = PBXSourcesBuildPhase;
			buildActionMask = 2147483647;
			files = (
				04F913D82E1E6A93006C301D /* ImagePicker.swift in Sources */,
				04F913AD2E1E3E74006C301D /* SportTimeApp.swift in Sources */,
				04F913D92E1E6A93006C301D /* UserProfile.swift in Sources */,
				04F913D22E1E3FF8006C301D /* WorkoutViewModel.swift in Sources */,
				04F913D32E1E3FF8006C301D /* ProfileView.swift in Sources */,
				04F913AF2E1E3E74006C301D /* Persistence.swift in Sources */,
				04F913CD2E1E3FF8006C301D /* HistoryView.swift in Sources */,
				04F913D42E1E3FF8006C301D /* HomeView.swift in Sources */,
				04F913CC2E1E3FF8006C301D /* TimerView.swift in Sources */,
				04F913CE2E1E3FF8006C301D /* TimerViewModel.swift in Sources */,
				04F913D12E1E3FF8006C301D /* SportTime.xcdatamodeld in Sources */,
				0452B65A2E1EE6CD0033E468 /* Animations.swift in Sources */,
				04F913B22E1E3E74006C301D /* SportTime.xcdatamodeld in Sources */,
				04F913D02E1E3FF8006C301D /* Models.swift in Sources */,
				04F913D52E1E3FF8006C301D /* MainTabView.swift in Sources */,
			);
			runOnlyForDeploymentPostprocessing = 0;
		};
/* End PBXSourcesBuildPhase section */

/* Begin XCBuildConfiguration section */
		04F913BC2E1E3E77006C301D /* Debug */ = {
			isa = XCBuildConfiguration;
			buildSettings = {
				ALWAYS_SEARCH_USER_PATHS = NO;
				ASSETCATALOG_COMPILER_GENERATE_SWIFT_ASSET_SYMBOL_EXTENSIONS = YES;
				CLANG_ANALYZER_NONNULL = YES;
				CLANG_ANALYZER_NUMBER_OBJECT_CONVERSION = YES_AGGRESSIVE;
				CLANG_CXX_LANGUAGE_STANDARD = "gnu++20";
				CLANG_ENABLE_MODULES = YES;
				CLANG_ENABLE_OBJC_ARC = YES;
				CLANG_ENABLE_OBJC_WEAK = YES;
				CLANG_WARN_BLOCK_CAPTURE_AUTORELEASING = YES;
				CLANG_WARN_BOOL_CONVERSION = YES;
				CLANG_WARN_COMMA = YES;
				CLANG_WARN_CONSTANT_CONVERSION = YES;
				CLANG_WARN_DEPRECATED_OBJC_IMPLEMENTATIONS = YES;
				CLANG_WARN_DIRECT_OBJC_ISA_USAGE = YES_ERROR;
				CLANG_WARN_DOCUMENTATION_COMMENTS = YES;
				CLANG_WARN_EMPTY_BODY = YES;
				CLANG_WARN_ENUM_CONVERSION = YES;
				CLANG_WARN_INFINITE_RECURSION = YES;
				CLANG_WARN_INT_CONVERSION = YES;
				CLANG_WARN_NON_LITERAL_NULL_CONVERSION = YES;
				CLANG_WARN_OBJC_IMPLICIT_RETAIN_SELF = YES;
				CLANG_WARN_OBJC_LITERAL_CONVERSION = YES;
				CLANG_WARN_OBJC_ROOT_CLASS = YES_ERROR;
				CLANG_WARN_QUOTED_INCLUDE_IN_FRAMEWORK_HEADER = YES;
				CLANG_WARN_RANGE_LOOP_ANALYSIS = YES;
				CLANG_WARN_STRICT_PROTOTYPES = YES;
				CLANG_WARN_SUSPICIOUS_MOVE = YES;
				CLANG_WARN_UNGUARDED_AVAILABILITY = YES_AGGRESSIVE;
				CLANG_WARN_UNREACHABLE_CODE = YES;
				CLANG_WARN__DUPLICATE_METHOD_MATCH = YES;
				COPY_PHASE_STRIP = NO;
				DEBUG_INFORMATION_FORMAT = dwarf;
				ENABLE_STRICT_OBJC_MSGSEND = YES;
				ENABLE_TESTABILITY = YES;
				ENABLE_USER_SCRIPT_SANDBOXING = YES;
				GCC_C_LANGUAGE_STANDARD = gnu17;
				GCC_DYNAMIC_NO_PIC = NO;
				GCC_NO_COMMON_BLOCKS = YES;
				GCC_OPTIMIZATION_LEVEL = 0;
				GCC_PREPROCESSOR_DEFINITIONS = (
					"DEBUG=1",
					"$(inherited)",
				);
				GCC_WARN_64_TO_32_BIT_CONVERSION = YES;
				GCC_WARN_ABOUT_RETURN_TYPE = YES_ERROR;
				GCC_WARN_UNDECLARED_SELECTOR = YES;
				GCC_WARN_UNINITIALIZED_AUTOS = YES_AGGRESSIVE;
				GCC_WARN_UNUSED_FUNCTION = YES;
				GCC_WARN_UNUSED_VARIABLE = YES;
				LOCALIZATION_PREFERS_STRING_CATALOGS = YES;
				MTL_ENABLE_DEBUG_INFO = INCLUDE_SOURCE;
				MTL_FAST_MATH = YES;
				ONLY_ACTIVE_ARCH = YES;
				SWIFT_ACTIVE_COMPILATION_CONDITIONS = "DEBUG $(inherited)";
				SWIFT_OPTIMIZATION_LEVEL = "-Onone";
			};
			name = Debug;
		};
		04F913BD2E1E3E77006C301D /* Release */ = {
			isa = XCBuildConfiguration;
			buildSettings = {
				ALWAYS_SEARCH_USER_PATHS = NO;
				ASSETCATALOG_COMPILER_GENERATE_SWIFT_ASSET_SYMBOL_EXTENSIONS = YES;
				CLANG_ANALYZER_NONNULL = YES;
				CLANG_ANALYZER_NUMBER_OBJECT_CONVERSION = YES_AGGRESSIVE;
				CLANG_CXX_LANGUAGE_STANDARD = "gnu++20";
				CLANG_ENABLE_MODULES = YES;
				CLANG_ENABLE_OBJC_ARC = YES;
				CLANG_ENABLE_OBJC_WEAK = YES;
				CLANG_WARN_BLOCK_CAPTURE_AUTORELEASING = YES;
				CLANG_WARN_BOOL_CONVERSION = YES;
				CLANG_WARN_COMMA = YES;
				CLANG_WARN_CONSTANT_CONVERSION = YES;
				CLANG_WARN_DEPRECATED_OBJC_IMPLEMENTATIONS = YES;
				CLANG_WARN_DIRECT_OBJC_ISA_USAGE = YES_ERROR;
				CLANG_WARN_DOCUMENTATION_COMMENTS = YES;
				CLANG_WARN_EMPTY_BODY = YES;
				CLANG_WARN_ENUM_CONVERSION = YES;
				CLANG_WARN_INFINITE_RECURSION = YES;
				CLANG_WARN_INT_CONVERSION = YES;
				CLANG_WARN_NON_LITERAL_NULL_CONVERSION = YES;
				CLANG_WARN_OBJC_IMPLICIT_RETAIN_SELF = YES;
				CLANG_WARN_OBJC_LITERAL_CONVERSION = YES;
				CLANG_WARN_OBJC_ROOT_CLASS = YES_ERROR;
				CLANG_WARN_QUOTED_INCLUDE_IN_FRAMEWORK_HEADER = YES;
				CLANG_WARN_RANGE_LOOP_ANALYSIS = YES;
				CLANG_WARN_STRICT_PROTOTYPES = YES;
				CLANG_WARN_SUSPICIOUS_MOVE = YES;
				CLANG_WARN_UNGUARDED_AVAILABILITY = YES_AGGRESSIVE;
				CLANG_WARN_UNREACHABLE_CODE = YES;
				CLANG_WARN__DUPLICATE_METHOD_MATCH = YES;
				COPY_PHASE_STRIP = NO;
				DEBUG_INFORMATION_FORMAT = "dwarf-with-dsym";
				ENABLE_NS_ASSERTIONS = NO;
				ENABLE_STRICT_OBJC_MSGSEND = YES;
				ENABLE_USER_SCRIPT_SANDBOXING = YES;
				GCC_C_LANGUAGE_STANDARD = gnu17;
				GCC_NO_COMMON_BLOCKS = YES;
				GCC_WARN_64_TO_32_BIT_CONVERSION = YES;
				GCC_WARN_ABOUT_RETURN_TYPE = YES_ERROR;
				GCC_WARN_UNDECLARED_SELECTOR = YES;
				GCC_WARN_UNINITIALIZED_AUTOS = YES_AGGRESSIVE;
				GCC_WARN_UNUSED_FUNCTION = YES;
				GCC_WARN_UNUSED_VARIABLE = YES;
				LOCALIZATION_PREFERS_STRING_CATALOGS = YES;
				MTL_ENABLE_DEBUG_INFO = NO;
				MTL_FAST_MATH = YES;
				SWIFT_COMPILATION_MODE = wholemodule;
			};
			name = Release;
		};
		04F913BF2E1E3E77006C301D /* Debug */ = {
			isa = XCBuildConfiguration;
			buildSettings = {
				ASSETCATALOG_COMPILER_APPICON_NAME = AppIcon;
				ASSETCATALOG_COMPILER_GLOBAL_ACCENT_COLOR_NAME = AccentColor;
				CODE_SIGN_ENTITLEMENTS = SportTime/SportTime.entitlements;
				CODE_SIGN_STYLE = Automatic;
				CURRENT_PROJECT_VERSION = 1;
				DEVELOPMENT_ASSET_PATHS = "\"SportTime/Preview Content\"";
				DEVELOPMENT_TEAM = F8WCS6733C;
				ENABLE_HARDENED_RUNTIME = YES;
				ENABLE_PREVIEWS = YES;
				GENERATE_INFOPLIST_FILE = YES;
				INFOPLIST_FILE = SportTime/Info.plist;
				"INFOPLIST_KEY_UIApplicationSceneManifest_Generation[sdk=iphoneos*]" = YES;
				"INFOPLIST_KEY_UIApplicationSceneManifest_Generation[sdk=iphonesimulator*]" = YES;
				"INFOPLIST_KEY_UIApplicationSupportsIndirectInputEvents[sdk=iphoneos*]" = YES;
				"INFOPLIST_KEY_UIApplicationSupportsIndirectInputEvents[sdk=iphonesimulator*]" = YES;
				"INFOPLIST_KEY_UILaunchScreen_Generation[sdk=iphoneos*]" = YES;
				"INFOPLIST_KEY_UILaunchScreen_Generation[sdk=iphonesimulator*]" = YES;
				"INFOPLIST_KEY_UIStatusBarStyle[sdk=iphoneos*]" = UIStatusBarStyleDefault;
				"INFOPLIST_KEY_UIStatusBarStyle[sdk=iphonesimulator*]" = UIStatusBarStyleDefault;
				INFOPLIST_KEY_UISupportedInterfaceOrientations_iPad = "UIInterfaceOrientationPortrait UIInterfaceOrientationPortraitUpsideDown UIInterfaceOrientationLandscapeLeft UIInterfaceOrientationLandscapeRight";
				INFOPLIST_KEY_UISupportedInterfaceOrientations_iPhone = "UIInterfaceOrientationPortrait UIInterfaceOrientationLandscapeLeft UIInterfaceOrientationLandscapeRight";
				IPHONEOS_DEPLOYMENT_TARGET = 17.0;
				LD_RUNPATH_SEARCH_PATHS = "@executable_path/Frameworks";
				"LD_RUNPATH_SEARCH_PATHS[sdk=macosx*]" = "@executable_path/../Frameworks";
				MACOSX_DEPLOYMENT_TARGET = 14.0;
				MARKETING_VERSION = 1.0;
				PRODUCT_BUNDLE_IDENTIFIER = com.sharipov.SportTime;
				PRODUCT_NAME = "$(TARGET_NAME)";
				SDKROOT = auto;
				SUPPORTED_PLATFORMS = "iphoneos iphonesimulator macosx";
				SWIFT_EMIT_LOC_STRINGS = YES;
				SWIFT_VERSION = 5.0;
				TARGETED_DEVICE_FAMILY = "1,2";
			};
			name = Debug;
		};
		04F913C02E1E3E77006C301D /* Release */ = {
			isa = XCBuildConfiguration;
			buildSettings = {
				ASSETCATALOG_COMPILER_APPICON_NAME = AppIcon;
				ASSETCATALOG_COMPILER_GLOBAL_ACCENT_COLOR_NAME = AccentColor;
				CODE_SIGN_ENTITLEMENTS = SportTime/SportTime.entitlements;
				CODE_SIGN_STYLE = Automatic;
				CURRENT_PROJECT_VERSION = 1;
				DEVELOPMENT_ASSET_PATHS = "\"SportTime/Preview Content\"";
				DEVELOPMENT_TEAM = F8WCS6733C;
				ENABLE_HARDENED_RUNTIME = YES;
				ENABLE_PREVIEWS = YES;
				GENERATE_INFOPLIST_FILE = YES;
				INFOPLIST_FILE = SportTime/Info.plist;
				"INFOPLIST_KEY_UIApplicationSceneManifest_Generation[sdk=iphoneos*]" = YES;
				"INFOPLIST_KEY_UIApplicationSceneManifest_Generation[sdk=iphonesimulator*]" = YES;
				"INFOPLIST_KEY_UIApplicationSupportsIndirectInputEvents[sdk=iphoneos*]" = YES;
				"INFOPLIST_KEY_UIApplicationSupportsIndirectInputEvents[sdk=iphonesimulator*]" = YES;
				"INFOPLIST_KEY_UILaunchScreen_Generation[sdk=iphoneos*]" = YES;
				"INFOPLIST_KEY_UILaunchScreen_Generation[sdk=iphonesimulator*]" = YES;
				"INFOPLIST_KEY_UIStatusBarStyle[sdk=iphoneos*]" = UIStatusBarStyleDefault;
				"INFOPLIST_KEY_UIStatusBarStyle[sdk=iphonesimulator*]" = UIStatusBarStyleDefault;
				INFOPLIST_KEY_UISupportedInterfaceOrientations_iPad = "UIInterfaceOrientationPortrait UIInterfaceOrientationPortraitUpsideDown UIInterfaceOrientationLandscapeLeft UIInterfaceOrientationLandscapeRight";
				INFOPLIST_KEY_UISupportedInterfaceOrientations_iPhone = "UIInterfaceOrientationPortrait UIInterfaceOrientationLandscapeLeft UIInterfaceOrientationLandscapeRight";
				IPHONEOS_DEPLOYMENT_TARGET = 17.0;
				LD_RUNPATH_SEARCH_PATHS = "@executable_path/Frameworks";
				"LD_RUNPATH_SEARCH_PATHS[sdk=macosx*]" = "@executable_path/../Frameworks";
				MACOSX_DEPLOYMENT_TARGET = 14.0;
				MARKETING_VERSION = 1.0;
				PRODUCT_BUNDLE_IDENTIFIER = com.sharipov.SportTime;
				PRODUCT_NAME = "$(TARGET_NAME)";
				SDKROOT = auto;
				SUPPORTED_PLATFORMS = "iphoneos iphonesimulator macosx";
				SWIFT_EMIT_LOC_STRINGS = YES;
				SWIFT_VERSION = 5.0;
				TARGETED_DEVICE_FAMILY = "1,2";
			};
			name = Release;
		};
/* End XCBuildConfiguration section */

/* Begin XCConfigurationList section */
		04F913A42E1E3E74006C301D /* Build configuration list for PBXProject "SportTime" */ = {
			isa = XCConfigurationList;
			buildConfigurations = (
				04F913BC2E1E3E77006C301D /* Debug */,
				04F913BD2E1E3E77006C301D /* Release */,
			);
			defaultConfigurationIsVisible = 0;
			defaultConfigurationName = Release;
		};
		04F913BE2E1E3E77006C301D /* Build configuration list for PBXNativeTarget "SportTime" */ = {
			isa = XCConfigurationList;
			buildConfigurations = (
				04F913BF2E1E3E77006C301D /* Debug */,
				04F913C02E1E3E77006C301D /* Release */,
			);
			defaultConfigurationIsVisible = 0;
			defaultConfigurationName = Release;
		};
/* End XCConfigurationList section */

/* Begin XCVersionGroup section */
		04F913B02E1E3E74006C301D /* SportTime.xcdatamodeld */ = {
			isa = XCVersionGroup;
			children = (
				04F913B12E1E3E74006C301D /* SportTime.xcdatamodel */,
			);
			currentVersion = 04F913B12E1E3E74006C301D /* SportTime.xcdatamodel */;
			path = SportTime.xcdatamodeld;
			sourceTree = "<group>";
			versionGroupType = wrapper.xcdatamodel;
		};
		04F913C62E1E3FF8006C301D /* SportTime.xcdatamodeld */ = {
			isa = XCVersionGroup;
			children = (
				04F913C72E1E3FF8006C301D /* SportTime.xcdatamodel */,
			);
			currentVersion = 04F913C72E1E3FF8006C301D /* SportTime.xcdatamodel */;
			path = SportTime.xcdatamodeld;
			sourceTree = "<group>";
			versionGroupType = wrapper.xcdatamodel;
		};
/* End XCVersionGroup section */
	};
	rootObject = 04F913A12E1E3E74006C301D /* Project object */;
}
